{
    "_readme": [
        "This file locks the dependencies of your project to a known state",
        "Read more about it at https://getcomposer.org/doc/01-basic-usage.md#installing-dependencies",
        "This file is @generated automatically"
    ],
    "content-hash": "91d2a30a10cfba6909314041249818be",
    "packages": [
        {
            "name": "tcdent/php-restclient",
            "version": "0.1.7",
            "source": {
                "type": "git",
                "url": "https://github.com/tcdent/php-restclient.git",
                "reference": "4522e8518eaef770d715977fcb45f187f8ad7499"
            },
            "dist": {
                "type": "zip",
                "url": "https://api.github.com/repos/tcdent/php-restclient/zipball/4522e8518eaef770d715977fcb45f187f8ad7499",
                "reference": "4522e8518eaef770d715977fcb45f187f8ad7499",
                "shasum": ""
            },
            "require": {
                "ext-curl": "*",
                "ext-json": "*",
                "php": ">=5.4.0"
            },
            "require-dev": {
                "php": ">=5.5.7",
                "phpunit/phpunit": ">=4.5"
            },
            "type": "library",
            "autoload": {
                "files": [
                    "restclient.php"
                ]
            },
            "notification-url": "https://packagist.org/downloads/",
            "license": [
                "MIT"
            ],
            "authors": [
                {
                    "name": "Travis Dent",
                    "email": "tcdent@gmail.com",
                    "role": "Developer"
                }
            ],
            "description": "A generic REST API client for PHP",
            "homepage": "http://github.com/tcdent/php-restclient",
            "keywords": [
                "api",
                "client",
                "curl",
                "json",
                "rest",
                "xml"
            ],
            "time": "2017-09-07T20:44:36+00:00"
        },
        {
            "name": "theory-of-soul/weather",
            "version": "0.1.2",
            "source": {
                "type": "git",
                "url": "https://github.com/theory-of-soul/composerPackageWeather.git",
                "reference": "a0da08141ade4f8318be7931f6c36a658353ea45"
            },
            "dist": {
                "type": "zip",
                "url": "https://api.github.com/repos/theory-of-soul/composerPackageWeather/zipball/a0da08141ade4f8318be7931f6c36a658353ea45",
                "reference": "a0da08141ade4f8318be7931f6c36a658353ea45",
                "shasum": ""
            },
            "require": {
                "php": ">=5.5.0",
                "tcdent/php-restclient": "^0.1.7"
            },
            "type": "library",
            "notification-url": "https://packagist.org/downloads/",
            "license": [
                "MIT"
            ],
            "description": "A function that will return the current weather in Kiev",
            "time": "2019-01-22T21:35:18+00:00"
        }
    ],
    "packages-dev": [],
    "aliases": [],
    "minimum-stability": "stable",
    "stability-flags": [],
    "prefer-stable": false,
    "prefer-lowest": false,
    "platform": [],
    "platform-dev": []
}
